
Microsoft Visual Studio Solution File, Format Version 12.00
# Visual Studio 15
VisualStudioVersion = 15.0.26124.0
MinimumVisualStudioVersion = 15.0.26124.0
Project("{2150E333-8FDC-42A3-9474-1A3956D46DE8}") = "src", "src", "{1D75ACFF-8E83-45CF-9686-69F5BF180340}"
EndProject
Project("{FAE04EC0-301F-11D3-BF4B-00C04F79EFBC}") = "GradeBook", "src\GradeBook\GradeBook.csproj", "{1661BB95-47C6-4FD9-BFE5-ACFD3FD72961}"
EndProject
Project("{2150E333-8FDC-42A3-9474-1A3956D46DE8}") = "test", "test", "{A7ADCFFC-C086-49A5-9156-E550CF40F0D3}"
EndProject
Project("{FAE04EC0-301F-11D3-BF4B-00C04F79EFBC}") = "GradeBook.Tests", "test\GradeBook.Tests\GradeBook.Tests.csproj", "{48EBE29F-6BA3-401B-8057-9F0F69239150}"
EndProject
Global
	GlobalSection(SolutionConfigurationPlatforms) = preSolution
		Debug|Any CPU = Debug|Any CPU
		Debug|x64 = Debug|x64
		Debug|x86 = Debug|x86
		Release|Any CPU = Release|Any CPU
		Release|x64 = Release|x64
		Release|x86 = Release|x86
	EndGlobalSection
	GlobalSection(SolutionProperties) = preSolution
		HideSolutionNode = FALSE
	EndGlobalSection
	GlobalSection(ProjectConfigurationPlatforms) = postSolution
		{1661BB95-47C6-4FD9-BFE5-ACFD3FD72961}.Debug|Any CPU.ActiveCfg = Debug|Any CPU
		{1661BB95-47C6-4FD9-BFE5-ACFD3FD72961}.Debug|Any CPU.Build.0 = Debug|Any CPU
		{1661BB95-47C6-4FD9-BFE5-ACFD3FD72961}.Debug|x64.ActiveCfg = Debug|Any CPU
		{1661BB95-47C6-4FD9-BFE5-ACFD3FD72961}.Debug|x64.Build.0 = Debug|Any CPU
		{1661BB95-47C6-4FD9-BFE5-ACFD3FD72961}.Debug|x86.ActiveCfg = Debug|Any CPU
		{1661BB95-47C6-4FD9-BFE5-ACFD3FD72961}.Debug|x86.Build.0 = Debug|Any CPU
		{1661BB95-47C6-4FD9-BFE5-ACFD3FD72961}.Release|Any CPU.ActiveCfg = Release|Any CPU
		{1661BB95-47C6-4FD9-BFE5-ACFD3FD72961}.Release|Any CPU.Build.0 = Release|Any CPU
		{1661BB95-47C6-4FD9-BFE5-ACFD3FD72961}.Release|x64.ActiveCfg = Release|Any CPU
		{1661BB95-47C6-4FD9-BFE5-ACFD3FD72961}.Release|x64.Build.0 = Release|Any CPU
		{1661BB95-47C6-4FD9-BFE5-ACFD3FD72961}.Release|x86.ActiveCfg = Release|Any CPU
		{1661BB95-47C6-4FD9-BFE5-ACFD3FD72961}.Release|x86.Build.0 = Release|Any CPU
		{48EBE29F-6BA3-401B-8057-9F0F69239150}.Debug|Any CPU.ActiveCfg = Debug|Any CPU
		{48EBE29F-6BA3-401B-8057-9F0F69239150}.Debug|Any CPU.Build.0 = Debug|Any CPU
		{48EBE29F-6BA3-401B-8057-9F0F69239150}.Debug|x64.ActiveCfg = Debug|Any CPU
		{48EBE29F-6BA3-401B-8057-9F0F69239150}.Debug|x64.Build.0 = Debug|Any CPU
		{48EBE29F-6BA3-401B-8057-9F0F69239150}.Debug|x86.ActiveCfg = Debug|Any CPU
		{48EBE29F-6BA3-401B-8057-9F0F69239150}.Debug|x86.Build.0 = Debug|Any CPU
		{48EBE29F-6BA3-401B-8057-9F0F69239150}.Release|Any CPU.ActiveCfg = Release|Any CPU
		{48EBE29F-6BA3-401B-8057-9F0F69239150}.Release|Any CPU.Build.0 = Release|Any CPU
		{48EBE29F-6BA3-401B-8057-9F0F69239150}.Release|x64.ActiveCfg = Release|Any CPU
		{48EBE29F-6BA3-401B-8057-9F0F69239150}.Release|x64.Build.0 = Release|Any CPU
		{48EBE29F-6BA3-401B-8057-9F0F69239150}.Release|x86.ActiveCfg = Release|Any CPU
		{48EBE29F-6BA3-401B-8057-9F0F69239150}.Release|x86.Build.0 = Release|Any CPU
	EndGlobalSection
	GlobalSection(NestedProjects) = preSolution
		{1661BB95-47C6-4FD9-BFE5-ACFD3FD72961} = {1D75ACFF-8E83-45CF-9686-69F5BF180340}
		{48EBE29F-6BA3-401B-8057-9F0F69239150} = {A7ADCFFC-C086-49A5-9156-E550CF40F0D3}
	EndGlobalSection
EndGlobal
